
Microsoft Visual Studio Solution File, Format Version 12.00
# Visual Studio Version 16
VisualStudioVersion = 16.0.34031.81
MinimumVisualStudioVersion = 10.0.40219.1
Project("{9A19103F-16F7-4668-BE54-9A1E7A4F7556}") = "QuartzApi", "QuartzApi\QuartzApi.csproj", "{2651C3FB-C5C9-4F5E-A316-506D3AE0B85B}"
EndProject
Project("{9A19103F-16F7-4668-BE54-9A1E7A4F7556}") = "QuartzService", "QuartzService\QuartzService.csproj", "{73982CF2-9591-4F77-B28F-90B51F4895C6}"
EndProject
Global
	GlobalSection(SolutionConfigurationPlatforms) = preSolution
		Debug|Any CPU = Debug|Any CPU
		Release|Any CPU = Release|Any CPU
	EndGlobalSection
	GlobalSection(ProjectConfigurationPlatforms) = postSolution
		{2651C3FB-C5C9-4F5E-A316-506D3AE0B85B}.Debug|Any CPU.ActiveCfg = Debug|Any CPU
		{2651C3FB-C5C9-4F5E-A316-506D3AE0B85B}.Debug|Any CPU.Build.0 = Debug|Any CPU
		{2651C3FB-C5C9-4F5E-A316-506D3AE0B85B}.Release|Any CPU.ActiveCfg = Release|Any CPU
		{2651C3FB-C5C9-4F5E-A316-506D3AE0B85B}.Release|Any CPU.Build.0 = Release|Any CPU
		{73982CF2-9591-4F77-B28F-90B51F4895C6}.Debug|Any CPU.ActiveCfg = Debug|Any CPU
		{73982CF2-9591-4F77-B28F-90B51F4895C6}.Debug|Any CPU.Build.0 = Debug|Any CPU
		{73982CF2-9591-4F77-B28F-90B51F4895C6}.Release|Any CPU.ActiveCfg = Release|Any CPU
		{73982CF2-9591-4F77-B28F-90B51F4895C6}.Release|Any CPU.Build.0 = Release|Any CPU
	EndGlobalSection
	GlobalSection(SolutionProperties) = preSolution
		HideSolutionNode = FALSE
	EndGlobalSection
	GlobalSection(ExtensibilityGlobals) = postSolution
		SolutionGuid = {A61DE4A0-7814-4E23-B19E-8D2BA71D104D}
	EndGlobalSection
EndGlobal
